
Microsoft Visual Studio Solution File, Format Version 12.00
# Visual Studio Version 17
VisualStudioVersion = 17.14.36212.18 d17.14
MinimumVisualStudioVersion = 10.0.40219.1
Project("{FAE04EC0-301F-11D3-BF4B-00C04F79EFBC}") = "Factory Pattern", "Factory Pattern\Factory Pattern.csproj", "{82BCB8F7-6079-4E19-8FDC-F608DD5E58AB}"
EndProject
Global
	GlobalSection(SolutionConfigurationPlatforms) = preSolution
		Debug|Any CPU = Debug|Any CPU
		Release|Any CPU = Release|Any CPU
	EndGlobalSection
	GlobalSection(ProjectConfigurationPlatforms) = postSolution
		{82BCB8F7-6079-4E19-8FDC-F608DD5E58AB}.Debug|Any CPU.ActiveCfg = Debug|Any CPU
		{82BCB8F7-6079-4E19-8FDC-F608DD5E58AB}.Debug|Any CPU.Build.0 = Debug|Any CPU
		{82BCB8F7-6079-4E19-8FDC-F608DD5E58AB}.Release|Any CPU.ActiveCfg = Release|Any CPU
		{82BCB8F7-6079-4E19-8FDC-F608DD5E58AB}.Release|Any CPU.Build.0 = Release|Any CPU
	EndGlobalSection
	GlobalSection(SolutionProperties) = preSolution
		HideSolutionNode = FALSE
	EndGlobalSection
	GlobalSection(ExtensibilityGlobals) = postSolution
		SolutionGuid = {1066426A-F649-45E2-B16E-61EC5E772699}
	EndGlobalSection
EndGlobal
